
Microsoft Visual Studio Solution File, Format Version 12.00
Project("{FAE04EC0-301F-11D3-BF4B-00C04F79EFBC}") = "pixel-flash-remake", "pixel-flash-remake\pixel-flash-remake.csproj", "{CA00EDD2-E197-4503-A929-4110AC4EDCCE}"
EndProject
Global
	GlobalSection(SolutionConfigurationPlatforms) = preSolution
		Debug|Any CPU = Debug|Any CPU
		Release|Any CPU = Release|Any CPU
	EndGlobalSection
	GlobalSection(ProjectConfigurationPlatforms) = postSolution
		{CA00EDD2-E197-4503-A929-4110AC4EDCCE}.Debug|Any CPU.ActiveCfg = Debug|Any CPU
		{CA00EDD2-E197-4503-A929-4110AC4EDCCE}.Debug|Any CPU.Build.0 = Debug|Any CPU
		{CA00EDD2-E197-4503-A929-4110AC4EDCCE}.Release|Any CPU.ActiveCfg = Release|Any CPU
		{CA00EDD2-E197-4503-A929-4110AC4EDCCE}.Release|Any CPU.Build.0 = Release|Any CPU
	EndGlobalSection
EndGlobal
